
Microsoft Visual Studio Solution File, Format Version 12.00
# Visual Studio 2013
VisualStudioVersion = 12.0.31101.0
MinimumVisualStudioVersion = 10.0.40219.1
Project("{8BC9CEB8-8B4A-11D0-8D11-00A0C91BC942}") = "CryptoProgram", "CryptoProgram\CryptoProgram.vcxproj", "{7B5C38E8-8FF3-4F1B-8882-4080E78A088E}"
EndProject
Project("{8BC9CEB8-8B4A-11D0-8D11-00A0C91BC942}") = "Test_CryptoProgram", "Test_CryptoProgram\Test_CryptoProgram.vcxproj", "{9757CB21-B840-49A6-B057-9F322E543DD6}"
EndProject
Global
	GlobalSection(SolutionConfigurationPlatforms) = preSolution
		Debug|Win32 = Debug|Win32
		Release|Win32 = Release|Win32
	EndGlobalSection
	GlobalSection(ProjectConfigurationPlatforms) = postSolution
		{7B5C38E8-8FF3-4F1B-8882-4080E78A088E}.Debug|Win32.ActiveCfg = Release|Win32
		{7B5C38E8-8FF3-4F1B-8882-4080E78A088E}.Debug|Win32.Build.0 = Release|Win32
		{7B5C38E8-8FF3-4F1B-8882-4080E78A088E}.Release|Win32.ActiveCfg = Release|Win32
		{7B5C38E8-8FF3-4F1B-8882-4080E78A088E}.Release|Win32.Build.0 = Release|Win32
		{9757CB21-B840-49A6-B057-9F322E543DD6}.Debug|Win32.ActiveCfg = Release|Win32
		{9757CB21-B840-49A6-B057-9F322E543DD6}.Debug|Win32.Build.0 = Release|Win32
		{9757CB21-B840-49A6-B057-9F322E543DD6}.Release|Win32.ActiveCfg = Release|Win32
		{9757CB21-B840-49A6-B057-9F322E543DD6}.Release|Win32.Build.0 = Release|Win32
	EndGlobalSection
	GlobalSection(SolutionProperties) = preSolution
		HideSolutionNode = FALSE
	EndGlobalSection
EndGlobal
